
Microsoft Visual Studio Solution File, Format Version 12.00
# Visual Studio 2012
Project("{FAE04EC0-301F-11D3-BF4B-00C04F79EFBC}") = "Jukebox", "Jukebox\Jukebox.csproj", "{CEDAC8FE-01F8-46D9-A88D-768F7C693B5E}"
EndProject
Project("{FAE04EC0-301F-11D3-BF4B-00C04F79EFBC}") = "Slew.WinRT", "Slew.WinRT\Slew.WinRT.csproj", "{2587FAD9-73B0-4985-A23D-BB81134A2F00}"
EndProject
Project("{FAE04EC0-301F-11D3-BF4B-00C04F79EFBC}") = "Slew.WinRT.Tests", "Slew.WinRT.Tests\Slew.WinRT.Tests.csproj", "{EB2B09A9-C03D-427D-A889-8A24F0A40F5A}"
EndProject
Global
	GlobalSection(SolutionConfigurationPlatforms) = preSolution
		Debug|ARM = Debug|ARM
		Debug|Any CPU = Debug|Any CPU
		Debug|x64 = Debug|x64
		Debug|x86 = Debug|x86
		Release|ARM = Release|ARM
		Release|Any CPU = Release|Any CPU
		Release|x64 = Release|x64
		Release|x86 = Release|x86
	EndGlobalSection
	GlobalSection(ProjectConfigurationPlatforms) = postSolution
		{2587FAD9-73B0-4985-A23D-BB81134A2F00}.Debug|ARM.ActiveCfg = Debug|ARM
		{2587FAD9-73B0-4985-A23D-BB81134A2F00}.Debug|ARM.Build.0 = Debug|ARM
		{2587FAD9-73B0-4985-A23D-BB81134A2F00}.Debug|Any CPU.ActiveCfg = Debug|Any CPU
		{2587FAD9-73B0-4985-A23D-BB81134A2F00}.Debug|Any CPU.Build.0 = Debug|Any CPU
		{2587FAD9-73B0-4985-A23D-BB81134A2F00}.Debug|x64.ActiveCfg = Debug|x64
		{2587FAD9-73B0-4985-A23D-BB81134A2F00}.Debug|x64.Build.0 = Debug|x64
		{2587FAD9-73B0-4985-A23D-BB81134A2F00}.Debug|x86.ActiveCfg = Debug|x86
		{2587FAD9-73B0-4985-A23D-BB81134A2F00}.Debug|x86.Build.0 = Debug|x86
		{2587FAD9-73B0-4985-A23D-BB81134A2F00}.Release|ARM.ActiveCfg = Release|ARM
		{2587FAD9-73B0-4985-A23D-BB81134A2F00}.Release|ARM.Build.0 = Release|ARM
		{2587FAD9-73B0-4985-A23D-BB81134A2F00}.Release|Any CPU.ActiveCfg = Release|Any CPU
		{2587FAD9-73B0-4985-A23D-BB81134A2F00}.Release|Any CPU.Build.0 = Release|Any CPU
		{2587FAD9-73B0-4985-A23D-BB81134A2F00}.Release|x64.ActiveCfg = Release|x64
		{2587FAD9-73B0-4985-A23D-BB81134A2F00}.Release|x64.Build.0 = Release|x64
		{2587FAD9-73B0-4985-A23D-BB81134A2F00}.Release|x86.ActiveCfg = Release|x86
		{2587FAD9-73B0-4985-A23D-BB81134A2F00}.Release|x86.Build.0 = Release|x86
		{CEDAC8FE-01F8-46D9-A88D-768F7C693B5E}.Debug|ARM.ActiveCfg = Debug|ARM
		{CEDAC8FE-01F8-46D9-A88D-768F7C693B5E}.Debug|ARM.Build.0 = Debug|ARM
		{CEDAC8FE-01F8-46D9-A88D-768F7C693B5E}.Debug|ARM.Deploy.0 = Debug|ARM
		{CEDAC8FE-01F8-46D9-A88D-768F7C693B5E}.Debug|Any CPU.ActiveCfg = Debug|Any CPU
		{CEDAC8FE-01F8-46D9-A88D-768F7C693B5E}.Debug|Any CPU.Build.0 = Debug|Any CPU
		{CEDAC8FE-01F8-46D9-A88D-768F7C693B5E}.Debug|Any CPU.Deploy.0 = Debug|Any CPU
		{CEDAC8FE-01F8-46D9-A88D-768F7C693B5E}.Debug|x64.ActiveCfg = Debug|x64
		{CEDAC8FE-01F8-46D9-A88D-768F7C693B5E}.Debug|x64.Build.0 = Debug|x64
		{CEDAC8FE-01F8-46D9-A88D-768F7C693B5E}.Debug|x64.Deploy.0 = Debug|x64
		{CEDAC8FE-01F8-46D9-A88D-768F7C693B5E}.Debug|x86.ActiveCfg = Debug|x86
		{CEDAC8FE-01F8-46D9-A88D-768F7C693B5E}.Debug|x86.Build.0 = Debug|x86
		{CEDAC8FE-01F8-46D9-A88D-768F7C693B5E}.Debug|x86.Deploy.0 = Debug|x86
		{CEDAC8FE-01F8-46D9-A88D-768F7C693B5E}.Release|ARM.ActiveCfg = Release|ARM
		{CEDAC8FE-01F8-46D9-A88D-768F7C693B5E}.Release|ARM.Build.0 = Release|ARM
		{CEDAC8FE-01F8-46D9-A88D-768F7C693B5E}.Release|ARM.Deploy.0 = Release|ARM
		{CEDAC8FE-01F8-46D9-A88D-768F7C693B5E}.Release|Any CPU.ActiveCfg = Release|Any CPU
		{CEDAC8FE-01F8-46D9-A88D-768F7C693B5E}.Release|Any CPU.Build.0 = Release|Any CPU
		{CEDAC8FE-01F8-46D9-A88D-768F7C693B5E}.Release|Any CPU.Deploy.0 = Release|Any CPU
		{CEDAC8FE-01F8-46D9-A88D-768F7C693B5E}.Release|x64.ActiveCfg = Release|x64
		{CEDAC8FE-01F8-46D9-A88D-768F7C693B5E}.Release|x64.Build.0 = Release|x64
		{CEDAC8FE-01F8-46D9-A88D-768F7C693B5E}.Release|x64.Deploy.0 = Release|x64
		{CEDAC8FE-01F8-46D9-A88D-768F7C693B5E}.Release|x86.ActiveCfg = Release|x86
		{CEDAC8FE-01F8-46D9-A88D-768F7C693B5E}.Release|x86.Build.0 = Release|x86
		{CEDAC8FE-01F8-46D9-A88D-768F7C693B5E}.Release|x86.Deploy.0 = Release|x86
		{EB2B09A9-C03D-427D-A889-8A24F0A40F5A}.Debug|ARM.ActiveCfg = Debug|ARM
		{EB2B09A9-C03D-427D-A889-8A24F0A40F5A}.Debug|ARM.Build.0 = Debug|ARM
		{EB2B09A9-C03D-427D-A889-8A24F0A40F5A}.Debug|ARM.Deploy.0 = Debug|ARM
		{EB2B09A9-C03D-427D-A889-8A24F0A40F5A}.Debug|Any CPU.ActiveCfg = Debug|Any CPU
		{EB2B09A9-C03D-427D-A889-8A24F0A40F5A}.Debug|Any CPU.Build.0 = Debug|Any CPU
		{EB2B09A9-C03D-427D-A889-8A24F0A40F5A}.Debug|Any CPU.Deploy.0 = Debug|Any CPU
		{EB2B09A9-C03D-427D-A889-8A24F0A40F5A}.Debug|x64.ActiveCfg = Debug|x64
		{EB2B09A9-C03D-427D-A889-8A24F0A40F5A}.Debug|x64.Build.0 = Debug|x64
		{EB2B09A9-C03D-427D-A889-8A24F0A40F5A}.Debug|x64.Deploy.0 = Debug|x64
		{EB2B09A9-C03D-427D-A889-8A24F0A40F5A}.Debug|x86.ActiveCfg = Debug|x86
		{EB2B09A9-C03D-427D-A889-8A24F0A40F5A}.Debug|x86.Build.0 = Debug|x86
		{EB2B09A9-C03D-427D-A889-8A24F0A40F5A}.Debug|x86.Deploy.0 = Debug|x86
		{EB2B09A9-C03D-427D-A889-8A24F0A40F5A}.Release|ARM.ActiveCfg = Release|ARM
		{EB2B09A9-C03D-427D-A889-8A24F0A40F5A}.Release|ARM.Build.0 = Release|ARM
		{EB2B09A9-C03D-427D-A889-8A24F0A40F5A}.Release|ARM.Deploy.0 = Release|ARM
		{EB2B09A9-C03D-427D-A889-8A24F0A40F5A}.Release|Any CPU.ActiveCfg = Release|Any CPU
		{EB2B09A9-C03D-427D-A889-8A24F0A40F5A}.Release|Any CPU.Build.0 = Release|Any CPU
		{EB2B09A9-C03D-427D-A889-8A24F0A40F5A}.Release|Any CPU.Deploy.0 = Release|Any CPU
		{EB2B09A9-C03D-427D-A889-8A24F0A40F5A}.Release|x64.ActiveCfg = Release|x64
		{EB2B09A9-C03D-427D-A889-8A24F0A40F5A}.Release|x64.Build.0 = Release|x64
		{EB2B09A9-C03D-427D-A889-8A24F0A40F5A}.Release|x64.Deploy.0 = Release|x64
		{EB2B09A9-C03D-427D-A889-8A24F0A40F5A}.Release|x86.ActiveCfg = Release|x86
		{EB2B09A9-C03D-427D-A889-8A24F0A40F5A}.Release|x86.Build.0 = Release|x86
		{EB2B09A9-C03D-427D-A889-8A24F0A40F5A}.Release|x86.Deploy.0 = Release|x86
	EndGlobalSection
	GlobalSection(SolutionProperties) = preSolution
		HideSolutionNode = FALSE
	EndGlobalSection
EndGlobal
